// !$*UTF8*$!
{
	archiveVersion = 1;
	classes = {
	};
	objectVersion = 50;
	objects = {

/* Begin PBXBuildFile section */
		8994FBD925A20E6000D746FA /* AppDelegate.swift in Sources */ = {isa = PBXBuildFile; fileRef = 8994FBD825A20E6000D746FA /* AppDelegate.swift */; };
		8994FBDB25A20E6000D746FA /* SceneDelegate.swift in Sources */ = {isa = PBXBuildFile; fileRef = 8994FBDA25A20E6000D746FA /* SceneDelegate.swift */; };
		8994FBDD25A20E6000D746FA /* ViewController.swift in Sources */ = {isa = PBXBuildFile; fileRef = 8994FBDC25A20E6000D746FA /* ViewController.swift */; };
		8994FBE025A20E6000D746FA /* Main.storyboard in Resources */ = {isa = PBXBuildFile; fileRef = 8994FBDE25A20E6000D746FA /* Main.storyboard */; };
		8994FBE225A20E6000D746FA /* Assets.xcassets in Resources */ = {isa = PBXBuildFile; fileRef = 8994FBE125A20E6000D746FA /* Assets.xcassets */; };
		8994FBE525A20E6000D746FA /* LaunchScreen.storyboard in Resources */ = {isa = PBXBuildFile; fileRef = 8994FBE325A20E6000D746FA /* LaunchScreen.storyboard */; };
		8994FBF025A20E6000D746FA /* ToDoTests.swift in Sources */ = {isa = PBXBuildFile; fileRef = 8994FBEF25A20E6000D746FA /* ToDoTests.swift */; };
		8994FBFB25A20E6000D746FA /* ToDoUITests.swift in Sources */ = {isa = PBXBuildFile; fileRef = 8994FBFA25A20E6000D746FA /* ToDoUITests.swift */; };
/* End PBXBuildFile section */

/* Begin PBXContainerItemProxy section */
		8994FBEC25A20E6000D746FA /* PBXContainerItemProxy */ = {
			isa = PBXContainerItemProxy;
			containerPortal = 8994FBCD25A20E6000D746FA /* Project object */;
			proxyType = 1;
			remoteGlobalIDString = 8994FBD425A20E6000D746FA;
			remoteInfo = ToDo;
		};
		8994FBF725A20E6000D746FA /* PBXContainerItemProxy */ = {
			isa = PBXContainerItemProxy;
			containerPortal = 8994FBCD25A20E6000D746FA /* Project object */;
			proxyType = 1;
			remoteGlobalIDString = 8994FBD425A20E6000D746FA;
			remoteInfo = ToDo;
		};
/* End PBXContainerItemProxy section */

/* Begin PBXFileReference section */
		8994FBD525A20E6000D746FA /* ToDo.app */ = {isa = PBXFileReference; explicitFileType = wrapper.application; includeInIndex = 0; path = ToDo.app; sourceTree = BUILT_PRODUCTS_DIR; };
		8994FBD825A20E6000D746FA /* AppDelegate.swift */ = {isa = PBXFileReference; lastKnownFileType = sourcecode.swift; path = AppDelegate.swift; sourceTree = "<group>"; };
		8994FBDA25A20E6000D746FA /* SceneDelegate.swift */ = {isa = PBXFileReference; lastKnownFileType = sourcecode.swift; path = SceneDelegate.swift; sourceTree = "<group>"; };
		8994FBDC25A20E6000D746FA /* ViewController.swift */ = {isa = PBXFileReference; lastKnownFileType = sourcecode.swift; path = ViewController.swift; sourceTree = "<group>"; };
		8994FBDF25A20E6000D746FA /* Base */ = {isa = PBXFileReference; lastKnownFileType = file.storyboard; name = Base; path = Base.lproj/Main.storyboard; sourceTree = "<group>"; };
		8994FBE125A20E6000D746FA /* Assets.xcassets */ = {isa = PBXFileReference; lastKnownFileType = folder.assetcatalog; path = Assets.xcassets; sourceTree = "<group>"; };
		8994FBE425A20E6000D746FA /* Base */ = {isa = PBXFileReference; lastKnownFileType = file.storyboard; name = Base; path = Base.lproj/LaunchScreen.storyboard; sourceTree = "<group>"; };
		8994FBE625A20E6000D746FA /* Info.plist */ = {isa = PBXFileReference; lastKnownFileType = text.plist.xml; path = Info.plist; sourceTree = "<group>"; };
		8994FBEB25A20E6000D746FA /* ToDoTests.xctest */ = {isa = PBXFileReference; explicitFileType = wrapper.cfbundle; includeInIndex = 0; path = ToDoTests.xctest; sourceTree = BUILT_PRODUCTS_DIR; };
		8994FBEF25A20E6000D746FA /* ToDoTests.swift */ = {isa = PBXFileReference; lastKnownFileType = sourcecode.swift; path = ToDoTests.swift; sourceTree = "<group>"; };
		8994FBF125A20E6000D746FA /* Info.plist */ = {isa = PBXFileReference; lastKnownFileType = text.plist.xml; path = Info.plist; sourceTree = "<group>"; };
		8994FBF625A20E6000D746FA /* ToDoUITests.xctest */ = {isa = PBXFileReference; explicitFileType = wrapper.cfbundle; includeInIndex = 0; path = ToDoUITests.xctest; sourceTree = BUILT_PRODUCTS_DIR; };
		8994FBFA25A20E6000D746FA /* ToDoUITests.swift */ = {isa = PBXFileReference; lastKnownFileType = sourcecode.swift; path = ToDoUITests.swift; sourceTree = "<group>"; };
		8994FBFC25A20E6000D746FA /* Info.plist */ = {isa = PBXFileReference; lastKnownFileType = text.plist.xml; path = Info.plist; sourceTree = "<group>"; };
/* End PBXFileReference section */

/* Begin PBXFrameworksBuildPhase section */
		8994FBD225A20E6000D746FA /* Frameworks */ = {
			isa = PBXFrameworksBuildPhase;
			buildActionMask = 2147483647;
			files = (
			);
			runOnlyForDeploymentPostprocessing = 0;
		};
		8994FBE825A20E6000D746FA /* Frameworks */ = {
			isa = PBXFrameworksBuildPhase;
			buildActionMask = 2147483647;
			files = (
			);
			runOnlyForDeploymentPostprocessing = 0;
		};
		8994FBF325A20E6000D746FA /* Frameworks */ = {
			isa = PBXFrameworksBuildPhase;
			buildActionMask = 2147483647;
			files = (
			);
			runOnlyForDeploymentPostprocessing = 0;
		};
/* End PBXFrameworksBuildPhase section */

/* Begin PBXGroup section */
		8994FBCC25A20E6000D746FA = {
			isa = PBXGroup;
			children = (
				8994FBD725A20E6000D746FA /* ToDo */,
				8994FBEE25A20E6000D746FA /* ToDoTests */,
				8994FBF925A20E6000D746FA /* ToDoUITests */,
				8994FBD625A20E6000D746FA /* Products */,
			);
			sourceTree = "<group>";
		};
		8994FBD625A20E6000D746FA /* Products */ = {
			isa = PBXGroup;
			children = (
				8994FBD525A20E6000D746FA /* ToDo.app */,
				8994FBEB25A20E6000D746FA /* ToDoTests.xctest */,
				8994FBF625A20E6000D746FA /* ToDoUITests.xctest */,
			);
			name = Products;
			sourceTree = "<group>";
		};
		8994FBD725A20E6000D746FA /* ToDo */ = {
			isa = PBXGroup;
			children = (
				8994FBD825A20E6000D746FA /* AppDelegate.swift */,
				8994FBDA25A20E6000D746FA /* SceneDelegate.swift */,
				8994FBDC25A20E6000D746FA /* ViewController.swift */,
				8994FBDE25A20E6000D746FA /* Main.storyboard */,
				8994FBE125A20E6000D746FA /* Assets.xcassets */,
				8994FBE325A20E6000D746FA /* LaunchScreen.storyboard */,
				8994FBE625A20E6000D746FA /* Info.plist */,
			);
			path = ToDo;
			sourceTree = "<group>";
		};
		8994FBEE25A20E6000D746FA /* ToDoTests */ = {
			isa = PBXGroup;
			children = (
				8994FBEF25A20E6000D746FA /* ToDoTests.swift */,
				8994FBF125A20E6000D746FA /* Info.plist */,
			);
			path = ToDoTests;
			sourceTree = "<group>";
		};
		8994FBF925A20E6000D746FA /* ToDoUITests */ = {
			isa = PBXGroup;
			children = (
				8994FBFA25A20E6000D746FA /* ToDoUITests.swift */,
				8994FBFC25A20E6000D746FA /* Info.plist */,
			);
			path = ToDoUITests;
			sourceTree = "<group>";
		};
/* End PBXGroup section */

/* Begin PBXNativeTarget section */
		8994FBD425A20E6000D746FA /* ToDo */ = {
			isa = PBXNativeTarget;
			buildConfigurationList = 8994FBFF25A20E6000D746FA /* Build configuration list for PBXNativeTarget "ToDo" */;
			buildPhases = (
				8994FBD125A20E6000D746FA /* Sources */,
				8994FBD225A20E6000D746FA /* Frameworks */,
				8994FBD325A20E6000D746FA /* Resources */,
			);
			buildRules = (
			);
			dependencies = (
			);
			name = ToDo;
			productName = ToDo;
			productReference = 8994FBD525A20E6000D746FA /* ToDo.app */;
			productType = "com.apple.product-type.application";
		};
		8994FBEA25A20E6000D746FA /* ToDoTests */ = {
			isa = PBXNativeTarget;
			buildConfigurationList = 8994FC0225A20E6000D746FA /* Build configuration list for PBXNativeTarget "ToDoTests" */;
			buildPhases = (
				8994FBE725A20E6000D746FA /* Sources */,
				8994FBE825A20E6000D746FA /* Frameworks */,
				8994FBE925A20E6000D746FA /* Resources */,
			);
			buildRules = (
			);
			dependencies = (
				8994FBED25A20E6000D746FA /* PBXTargetDependency */,
			);
			name = ToDoTests;
			productName = ToDoTests;
			productReference = 8994FBEB25A20E6000D746FA /* ToDoTests.xctest */;
			productType = "com.apple.product-type.bundle.unit-test";
		};
		8994FBF525A20E6000D746FA /* ToDoUITests */ = {
			isa = PBXNativeTarget;
			buildConfigurationList = 8994FC0525A20E6000D746FA /* Build configuration list for PBXNativeTarget "ToDoUITests" */;
			buildPhases = (
				8994FBF225A20E6000D746FA /* Sources */,
				8994FBF325A20E6000D746FA /* Frameworks */,
				8994FBF425A20E6000D746FA /* Resources */,
			);
			buildRules = (
			);
			dependencies = (
				8994FBF825A20E6000D746FA /* PBXTargetDependency */,
			);
			name = ToDoUITests;
			productName = ToDoUITests;
			productReference = 8994FBF625A20E6000D746FA /* ToDoUITests.xctest */;
			productType = "com.apple.product-type.bundle.ui-testing";
		};
/* End PBXNativeTarget section */

/* Begin PBXProject section */
		8994FBCD25A20E6000D746FA /* Project object */ = {
			isa = PBXProject;
			attributes = {
				LastSwiftUpdateCheck = 1230;
				LastUpgradeCheck = 1230;
				TargetAttributes = {
					8994FBD425A20E6000D746FA = {
						CreatedOnToolsVersion = 12.3;
					};
					8994FBEA25A20E6000D746FA = {
						CreatedOnToolsVersion = 12.3;
						TestTargetID = 8994FBD425A20E6000D746FA;
					};
					8994FBF525A20E6000D746FA = {
						CreatedOnToolsVersion = 12.3;
						TestTargetID = 8994FBD425A20E6000D746FA;
					};
				};
			};
			buildConfigurationList = 8994FBD025A20E6000D746FA /* Build configuration list for PBXProject "ToDo" */;
			compatibilityVersion = "Xcode 9.3";
			developmentRegion = en;
			hasScannedForEncodings = 0;
			knownRegions = (
				en,
				Base,
			);
			mainGroup = 8994FBCC25A20E6000D746FA;
			productRefGroup = 8994FBD625A20E6000D746FA /* Products */;
			projectDirPath = "";
			projectRoot = "";
			targets = (
				8994FBD425A20E6000D746FA /* ToDo */,
				8994FBEA25A20E6000D746FA /* ToDoTests */,
				8994FBF525A20E6000D746FA /* ToDoUITests */,
			);
		};
/* End PBXProject section */

/* Begin PBXResourcesBuildPhase section */
		8994FBD325A20E6000D746FA /* Resources */ = {
			isa = PBXResourcesBuildPhase;
			buildActionMask = 2147483647;
			files = (
				8994FBE525A20E6000D746FA /* LaunchScreen.storyboard in Resources */,
				8994FBE225A20E6000D746FA /* Assets.xcassets in Resources */,
				8994FBE025A20E6000D746FA /* Main.storyboard in Resources */,
			);
			runOnlyForDeploymentPostprocessing = 0;
		};
		8994FBE925A20E6000D746FA /* Resources */ = {
			isa = PBXResourcesBuildPhase;
			buildActionMask = 2147483647;
			files = (
			);
			runOnlyForDeploymentPostprocessing = 0;
		};
		8994FBF425A20E6000D746FA /* Resources */ = {
			isa = PBXResourcesBuildPhase;
			buildActionMask = 2147483647;
			files = (
			);
			runOnlyForDeploymentPostprocessing = 0;
		};
/* End PBXResourcesBuildPhase section */

/* Begin PBXSourcesBuildPhase section */
		8994FBD125A20E6000D746FA /* Sources */ = {
			isa = PBXSourcesBuildPhase;
			buildActionMask = 2147483647;
			files = (
				8994FBDD25A20E6000D746FA /* ViewController.swift in Sources */,
				8994FBD925A20E6000D746FA /* AppDelegate.swift in Sources */,
				8994FBDB25A20E6000D746FA /* SceneDelegate.swift in Sources */,
			);
			runOnlyForDeploymentPostprocessing = 0;
		};
		8994FBE725A20E6000D746FA /* Sources */ = {
			isa = PBXSourcesBuildPhase;
			buildActionMask = 2147483647;
			files = (
				8994FBF025A20E6000D746FA /* ToDoTests.swift in Sources */,
			);
			runOnlyForDeploymentPostprocessing = 0;
		};
		8994FBF225A20E6000D746FA /* Sources */ = {
			isa = PBXSourcesBuildPhase;
			buildActionMask = 2147483647;
			files = (
				8994FBFB25A20E6000D746FA /* ToDoUITests.swift in Sources */,
			);
			runOnlyForDeploymentPostprocessing = 0;
		};
/* End PBXSourcesBuildPhase section */

/* Begin PBXTargetDependency section */
		8994FBED25A20E6000D746FA /* PBXTargetDependency */ = {
			isa = PBXTargetDependency;
			target = 8994FBD425A20E6000D746FA /* ToDo */;
			targetProxy = 8994FBEC25A20E6000D746FA /* PBXContainerItemProxy */;
		};
		8994FBF825A20E6000D746FA /* PBXTargetDependency */ = {
			isa = PBXTargetDependency;
			target = 8994FBD425A20E6000D746FA /* ToDo */;
			targetProxy = 8994FBF725A20E6000D746FA /* PBXContainerItemProxy */;
		};
/* End PBXTargetDependency section */

/* Begin PBXVariantGroup section */
		8994FBDE25A20E6000D746FA /* Main.storyboard */ = {
			isa = PBXVariantGroup;
			children = (
				8994FBDF25A20E6000D746FA /* Base */,
			);
			name = Main.storyboard;
			sourceTree = "<group>";
		};
		8994FBE325A20E6000D746FA /* LaunchScreen.storyboard */ = {
			isa = PBXVariantGroup;
			children = (
				8994FBE425A20E6000D746FA /* Base */,
			);
			name = LaunchScreen.storyboard;
			sourceTree = "<group>";
		};
/* End PBXVariantGroup section */

/* Begin XCBuildConfiguration section */
		8994FBFD25A20E6000D746FA /* Debug */ = {
			isa = XCBuildConfiguration;
			buildSettings = {
				ALWAYS_SEARCH_USER_PATHS = NO;
				CLANG_ANALYZER_NONNULL = YES;
				CLANG_ANALYZER_NUMBER_OBJECT_CONVERSION = YES_AGGRESSIVE;
				CLANG_CXX_LANGUAGE_STANDARD = "gnu++14";
				CLANG_CXX_LIBRARY = "libc++";
				CLANG_ENABLE_MODULES = YES;
				CLANG_ENABLE_OBJC_ARC = YES;
				CLANG_ENABLE_OBJC_WEAK = YES;
				CLANG_WARN_BLOCK_CAPTURE_AUTORELEASING = YES;
				CLANG_WARN_BOOL_CONVERSION = YES;
				CLANG_WARN_COMMA = YES;
				CLANG_WARN_CONSTANT_CONVERSION = YES;
				CLANG_WARN_DEPRECATED_OBJC_IMPLEMENTATIONS = YES;
				CLANG_WARN_DIRECT_OBJC_ISA_USAGE = YES_ERROR;
				CLANG_WARN_DOCUMENTATION_COMMENTS = YES;
				CLANG_WARN_EMPTY_BODY = YES;
				CLANG_WARN_ENUM_CONVERSION = YES;
				CLANG_WARN_INFINITE_RECURSION = YES;
				CLANG_WARN_INT_CONVERSION = YES;
				CLANG_WARN_NON_LITERAL_NULL_CONVERSION = YES;
				CLANG_WARN_OBJC_IMPLICIT_RETAIN_SELF = YES;
				CLANG_WARN_OBJC_LITERAL_CONVERSION = YES;
				CLANG_WARN_OBJC_ROOT_CLASS = YES_ERROR;
				CLANG_WARN_QUOTED_INCLUDE_IN_FRAMEWORK_HEADER = YES;
				CLANG_WARN_RANGE_LOOP_ANALYSIS = YES;
				CLANG_WARN_STRICT_PROTOTYPES = YES;
				CLANG_WARN_SUSPICIOUS_MOVE = YES;
				CLANG_WARN_UNGUARDED_AVAILABILITY = YES_AGGRESSIVE;
				CLANG_WARN_UNREACHABLE_CODE = YES;
				CLANG_WARN__DUPLICATE_METHOD_MATCH = YES;
				COPY_PHASE_STRIP = NO;
				DEBUG_INFORMATION_FORMAT = dwarf;
				ENABLE_STRICT_OBJC_MSGSEND = YES;
				ENABLE_TESTABILITY = YES;
				GCC_C_LANGUAGE_STANDARD = gnu11;
				GCC_DYNAMIC_NO_PIC = NO;
				GCC_NO_COMMON_BLOCKS = YES;
				GCC_OPTIMIZATION_LEVEL = 0;
				GCC_PREPROCESSOR_DEFINITIONS = (
					"DEBUG=1",
					"$(inherited)",
				);
				GCC_WARN_64_TO_32_BIT_CONVERSION = YES;
				GCC_WARN_ABOUT_RETURN_TYPE = YES_ERROR;
				GCC_WARN_UNDECLARED_SELECTOR = YES;
				GCC_WARN_UNINITIALIZED_AUTOS = YES_AGGRESSIVE;
				GCC_WARN_UNUSED_FUNCTION = YES;
				GCC_WARN_UNUSED_VARIABLE = YES;
				IPHONEOS_DEPLOYMENT_TARGET = 14.3;
				MTL_ENABLE_DEBUG_INFO = INCLUDE_SOURCE;
				MTL_FAST_MATH = YES;
				ONLY_ACTIVE_ARCH = YES;
				SDKROOT = iphoneos;
				SWIFT_ACTIVE_COMPILATION_CONDITIONS = DEBUG;
				SWIFT_OPTIMIZATION_LEVEL = "-Onone";
			};
			name = Debug;
		};
		8994FBFE25A20E6000D746FA /* Release */ = {
			isa = XCBuildConfiguration;
			buildSettings = {
				ALWAYS_SEARCH_USER_PATHS = NO;
				CLANG_ANALYZER_NONNULL = YES;
				CLANG_ANALYZER_NUMBER_OBJECT_CONVERSION = YES_AGGRESSIVE;
				CLANG_CXX_LANGUAGE_STANDARD = "gnu++14";
				CLANG_CXX_LIBRARY = "libc++";
				CLANG_ENABLE_MODULES = YES;
				CLANG_ENABLE_OBJC_ARC = YES;
				CLANG_ENABLE_OBJC_WEAK = YES;
				CLANG_WARN_BLOCK_CAPTURE_AUTORELEASING = YES;
				CLANG_WARN_BOOL_CONVERSION = YES;
				CLANG_WARN_COMMA = YES;
				CLANG_WARN_CONSTANT_CONVERSION = YES;
				CLANG_WARN_DEPRECATED_OBJC_IMPLEMENTATIONS = YES;
				CLANG_WARN_DIRECT_OBJC_ISA_USAGE = YES_ERROR;
				CLANG_WARN_DOCUMENTATION_COMMENTS = YES;
				CLANG_WARN_EMPTY_BODY = YES;
				CLANG_WARN_ENUM_CONVERSION = YES;
				CLANG_WARN_INFINITE_RECURSION = YES;
				CLANG_WARN_INT_CONVERSION = YES;
				CLANG_WARN_NON_LITERAL_NULL_CONVERSION = YES;
				CLANG_WARN_OBJC_IMPLICIT_RETAIN_SELF = YES;
				CLANG_WARN_OBJC_LITERAL_CONVERSION = YES;
				CLANG_WARN_OBJC_ROOT_CLASS = YES_ERROR;
				CLANG_WARN_QUOTED_INCLUDE_IN_FRAMEWORK_HEADER = YES;
				CLANG_WARN_RANGE_LOOP_ANALYSIS = YES;
				CLANG_WARN_STRICT_PROTOTYPES = YES;
				CLANG_WARN_SUSPICIOUS_MOVE = YES;
				CLANG_WARN_UNGUARDED_AVAILABILITY = YES_AGGRESSIVE;
				CLANG_WARN_UNREACHABLE_CODE = YES;
				CLANG_WARN__DUPLICATE_METHOD_MATCH = YES;
				COPY_PHASE_STRIP = NO;
				DEBUG_INFORMATION_FORMAT = "dwarf-with-dsym";
				ENABLE_NS_ASSERTIONS = NO;
				ENABLE_STRICT_OBJC_MSGSEND = YES;
				GCC_C_LANGUAGE_STANDARD = gnu11;
				GCC_NO_COMMON_BLOCKS = YES;
				GCC_WARN_64_TO_32_BIT_CONVERSION = YES;
				GCC_WARN_ABOUT_RETURN_TYPE = YES_ERROR;
				GCC_WARN_UNDECLARED_SELECTOR = YES;
				GCC_WARN_UNINITIALIZED_AUTOS = YES_AGGRESSIVE;
				GCC_WARN_UNUSED_FUNCTION = YES;
				GCC_WARN_UNUSED_VARIABLE = YES;
				IPHONEOS_DEPLOYMENT_TARGET = 14.3;
				MTL_ENABLE_DEBUG_INFO = NO;
				MTL_FAST_MATH = YES;
				SDKROOT = iphoneos;
				SWIFT_COMPILATION_MODE = wholemodule;
				SWIFT_OPTIMIZATION_LEVEL = "-O";
				VALIDATE_PRODUCT = YES;
			};
			name = Release;
		};
		8994FC0025A20E6000D746FA /* Debug */ = {
			isa = XCBuildConfiguration;
			buildSettings = {
				ASSETCATALOG_COMPILER_APPICON_NAME = AppIcon;
				ASSETCATALOG_COMPILER_GLOBAL_ACCENT_COLOR_NAME = AccentColor;
				CODE_SIGN_STYLE = Automatic;
				DEVELOPMENT_TEAM = WYFQCZN7J7;
				INFOPLIST_FILE = ToDo/Info.plist;
				LD_RUNPATH_SEARCH_PATHS = (
					"$(inherited)",
					"@executable_path/Frameworks",
				);
				PRODUCT_BUNDLE_IDENTIFIER = com.motonaka.ToDo;
				PRODUCT_NAME = "$(TARGET_NAME)";
				SWIFT_VERSION = 5.0;
				TARGETED_DEVICE_FAMILY = "1,2";
			};
			name = Debug;
		};
		8994FC0125A20E6000D746FA /* Release */ = {
			isa = XCBuildConfiguration;
			buildSettings = {
				ASSETCATALOG_COMPILER_APPICON_NAME = AppIcon;
				ASSETCATALOG_COMPILER_GLOBAL_ACCENT_COLOR_NAME = AccentColor;
				CODE_SIGN_STYLE = Automatic;
				DEVELOPMENT_TEAM = WYFQCZN7J7;
				INFOPLIST_FILE = ToDo/Info.plist;
				LD_RUNPATH_SEARCH_PATHS = (
					"$(inherited)",
					"@executable_path/Frameworks",
				);
				PRODUCT_BUNDLE_IDENTIFIER = com.motonaka.ToDo;
				PRODUCT_NAME = "$(TARGET_NAME)";
				SWIFT_VERSION = 5.0;
				TARGETED_DEVICE_FAMILY = "1,2";
			};
			name = Release;
		};
		8994FC0325A20E6000D746FA /* Debug */ = {
			isa = XCBuildConfiguration;
			buildSettings = {
				ALWAYS_EMBED_SWIFT_STANDARD_LIBRARIES = YES;
				BUNDLE_LOADER = "$(TEST_HOST)";
				CODE_SIGN_STYLE = Automatic;
				DEVELOPMENT_TEAM = WYFQCZN7J7;
				INFOPLIST_FILE = ToDoTests/Info.plist;
				IPHONEOS_DEPLOYMENT_TARGET = 14.3;
				LD_RUNPATH_SEARCH_PATHS = (
					"$(inherited)",
					"@executable_path/Frameworks",
					"@loader_path/Frameworks",
				);
				PRODUCT_BUNDLE_IDENTIFIER = com.motonaka.ToDoTests;
				PRODUCT_NAME = "$(TARGET_NAME)";
				SWIFT_VERSION = 5.0;
				TARGETED_DEVICE_FAMILY = "1,2";
				TEST_HOST = "$(BUILT_PRODUCTS_DIR)/ToDo.app/ToDo";
			};
			name = Debug;
		};
		8994FC0425A20E6000D746FA /* Release */ = {
			isa = XCBuildConfiguration;
			buildSettings = {
				ALWAYS_EMBED_SWIFT_STANDARD_LIBRARIES = YES;
				BUNDLE_LOADER = "$(TEST_HOST)";
				CODE_SIGN_STYLE = Automatic;
				DEVELOPMENT_TEAM = WYFQCZN7J7;
				INFOPLIST_FILE = ToDoTests/Info.plist;
				IPHONEOS_DEPLOYMENT_TARGET = 14.3;
				LD_RUNPATH_SEARCH_PATHS = (
					"$(inherited)",
					"@executable_path/Frameworks",
					"@loader_path/Frameworks",
				);
				PRODUCT_BUNDLE_IDENTIFIER = com.motonaka.ToDoTests;
				PRODUCT_NAME = "$(TARGET_NAME)";
				SWIFT_VERSION = 5.0;
				TARGETED_DEVICE_FAMILY = "1,2";
				TEST_HOST = "$(BUILT_PRODUCTS_DIR)/ToDo.app/ToDo";
			};
			name = Release;
		};
		8994FC0625A20E6000D746FA /* Debug */ = {
			isa = XCBuildConfiguration;
			buildSettings = {
				ALWAYS_EMBED_SWIFT_STANDARD_LIBRARIES = YES;
				CODE_SIGN_STYLE = Automatic;
				DEVELOPMENT_TEAM = WYFQCZN7J7;
				INFOPLIST_FILE = ToDoUITests/Info.plist;
				LD_RUNPATH_SEARCH_PATHS = (
					"$(inherited)",
					"@executable_path/Frameworks",
					"@loader_path/Frameworks",
				);
				PRODUCT_BUNDLE_IDENTIFIER = com.motonaka.ToDoUITests;
				PRODUCT_NAME = "$(TARGET_NAME)";
				SWIFT_VERSION = 5.0;
				TARGETED_DEVICE_FAMILY = "1,2";
				TEST_TARGET_NAME = ToDo;
			};
			name = Debug;
		};
		8994FC0725A20E6000D746FA /* Release */ = {
			isa = XCBuildConfiguration;
			buildSettings = {
				ALWAYS_EMBED_SWIFT_STANDARD_LIBRARIES = YES;
				CODE_SIGN_STYLE = Automatic;
				DEVELOPMENT_TEAM = WYFQCZN7J7;
				INFOPLIST_FILE = ToDoUITests/Info.plist;
				LD_RUNPATH_SEARCH_PATHS = (
					"$(inherited)",
					"@executable_path/Frameworks",
					"@loader_path/Frameworks",
				);
				PRODUCT_BUNDLE_IDENTIFIER = com.motonaka.ToDoUITests;
				PRODUCT_NAME = "$(TARGET_NAME)";
				SWIFT_VERSION = 5.0;
				TARGETED_DEVICE_FAMILY = "1,2";
				TEST_TARGET_NAME = ToDo;
			};
			name = Release;
		};
/* End XCBuildConfiguration section */

/* Begin XCConfigurationList section */
		8994FBD025A20E6000D746FA /* Build configuration list for PBXProject "ToDo" */ = {
			isa = XCConfigurationList;
			buildConfigurations = (
				8994FBFD25A20E6000D746FA /* Debug */,
				8994FBFE25A20E6000D746FA /* Release */,
			);
			defaultConfigurationIsVisible = 0;
			defaultConfigurationName = Release;
		};
		8994FBFF25A20E6000D746FA /* Build configuration list for PBXNativeTarget "ToDo" */ = {
			isa = XCConfigurationList;
			buildConfigurations = (
				8994FC0025A20E6000D746FA /* Debug */,
				8994FC0125A20E6000D746FA /* Release */,
			);
			defaultConfigurationIsVisible = 0;
			defaultConfigurationName = Release;
		};
		8994FC0225A20E6000D746FA /* Build configuration list for PBXNativeTarget "ToDoTests" */ = {
			isa = XCConfigurationList;
			buildConfigurations = (
				8994FC0325A20E6000D746FA /* Debug */,
				8994FC0425A20E6000D746FA /* Release */,
			);
			defaultConfigurationIsVisible = 0;
			defaultConfigurationName = Release;
		};
		8994FC0525A20E6000D746FA /* Build configuration list for PBXNativeTarget "ToDoUITests" */ = {
			isa = XCConfigurationList;
			buildConfigurations = (
				8994FC0625A20E6000D746FA /* Debug */,
				8994FC0725A20E6000D746FA /* Release */,
			);
			defaultConfigurationIsVisible = 0;
			defaultConfigurationName = Release;
		};
/* End XCConfigurationList section */
	};
	rootObject = 8994FBCD25A20E6000D746FA /* Project object */;
}
